
Microsoft Visual Studio Solution File, Format Version 12.00
# Visual Studio Version 17
VisualStudioVersion = 17.4.33213.308
MinimumVisualStudioVersion = 10.0.40219.1
Project("{FAE04EC0-301F-11D3-BF4B-00C04F79EFBC}") = "COMP003A.LextureActivity5", "COMP003A.LextureActivity5\COMP003A.LextureActivity5.csproj", "{870EF5B0-656E-4BBB-897C-79A02CEA7D14}"
EndProject
Global
	GlobalSection(SolutionConfigurationPlatforms) = preSolution
		Debug|Any CPU = Debug|Any CPU
		Release|Any CPU = Release|Any CPU
	EndGlobalSection
	GlobalSection(ProjectConfigurationPlatforms) = postSolution
		{870EF5B0-656E-4BBB-897C-79A02CEA7D14}.Debug|Any CPU.ActiveCfg = Debug|Any CPU
		{870EF5B0-656E-4BBB-897C-79A02CEA7D14}.Debug|Any CPU.Build.0 = Debug|Any CPU
		{870EF5B0-656E-4BBB-897C-79A02CEA7D14}.Release|Any CPU.ActiveCfg = Release|Any CPU
		{870EF5B0-656E-4BBB-897C-79A02CEA7D14}.Release|Any CPU.Build.0 = Release|Any CPU
	EndGlobalSection
	GlobalSection(SolutionProperties) = preSolution
		HideSolutionNode = FALSE
	EndGlobalSection
	GlobalSection(ExtensibilityGlobals) = postSolution
		SolutionGuid = {AE21D765-C4B7-4CAA-B461-C2B3E59F8C1C}
	EndGlobalSection
EndGlobal
